
Microsoft Visual Studio Solution File, Format Version 12.00
# Visual Studio Version 17
VisualStudioVersion = 17.0.32002.185
MinimumVisualStudioVersion = 10.0.40219.1
Project("{8BC9CEB8-8B4A-11D0-8D11-00A0C91BC942}") = "LT_LCWB-1A", "LT_WXCL\LT_WXCL.vcxproj", "{1E0517AC-6147-4E22-B3E7-E893EE9CD7D2}"
EndProject
Project("{2150E333-8FDC-42A3-9474-1A3956D46DE8}") = "Solution Items", "Solution Items", "{B1961595-B145-44BF-B50A-CBE7DE7C9419}"
	ProjectSection(SolutionItems) = preProject
		.gitignore = .gitignore
	EndProjectSection
EndProject
Global
	GlobalSection(SolutionConfigurationPlatforms) = preSolution
		Debug|Win32 = Debug|Win32
		Release|Win32 = Release|Win32
	EndGlobalSection
	GlobalSection(ProjectConfigurationPlatforms) = postSolution
		{1E0517AC-6147-4E22-B3E7-E893EE9CD7D2}.Debug|Win32.ActiveCfg = Debug|Win32
		{1E0517AC-6147-4E22-B3E7-E893EE9CD7D2}.Debug|Win32.Build.0 = Debug|Win32
		{1E0517AC-6147-4E22-B3E7-E893EE9CD7D2}.Release|Win32.ActiveCfg = Release|Win32
		{1E0517AC-6147-4E22-B3E7-E893EE9CD7D2}.Release|Win32.Build.0 = Release|Win32
	EndGlobalSection
	GlobalSection(SolutionProperties) = preSolution
		HideSolutionNode = FALSE
	EndGlobalSection
	GlobalSection(ExtensibilityGlobals) = postSolution
		SolutionGuid = {6847DC40-B2F6-4799-8E4E-AFB8A7A48C6E}
	EndGlobalSection
EndGlobal
